
Microsoft Visual Studio Solution File, Format Version 12.00
# Visual Studio Version 16
VisualStudioVersion = 16.0.31515.178
MinimumVisualStudioVersion = 10.0.40219.1
Project("{FAE04EC0-301F-11D3-BF4B-00C04F79EFBC}") = "Infastructure", "Infastructure\Infastructure.csproj", "{C58B1F36-C2AB-4090-BC28-43ADB6214AC7}"
EndProject
Project("{FAE04EC0-301F-11D3-BF4B-00C04F79EFBC}") = "Domain", "Domain\Domain.csproj", "{A9209882-AC79-48DB-B0CB-70EEB3A699B9}"
EndProject
Project("{FAE04EC0-301F-11D3-BF4B-00C04F79EFBC}") = "APIs", "APIs\APIs.csproj", "{F8074D1E-194C-4392-8D9E-C4977592CD87}"
EndProject
Global
	GlobalSection(SolutionConfigurationPlatforms) = preSolution
		Debug|Any CPU = Debug|Any CPU
		Release|Any CPU = Release|Any CPU
	EndGlobalSection
	GlobalSection(ProjectConfigurationPlatforms) = postSolution
		{C58B1F36-C2AB-4090-BC28-43ADB6214AC7}.Debug|Any CPU.ActiveCfg = Debug|Any CPU
		{C58B1F36-C2AB-4090-BC28-43ADB6214AC7}.Debug|Any CPU.Build.0 = Debug|Any CPU
		{C58B1F36-C2AB-4090-BC28-43ADB6214AC7}.Release|Any CPU.ActiveCfg = Release|Any CPU
		{C58B1F36-C2AB-4090-BC28-43ADB6214AC7}.Release|Any CPU.Build.0 = Release|Any CPU
		{A9209882-AC79-48DB-B0CB-70EEB3A699B9}.Debug|Any CPU.ActiveCfg = Debug|Any CPU
		{A9209882-AC79-48DB-B0CB-70EEB3A699B9}.Debug|Any CPU.Build.0 = Debug|Any CPU
		{A9209882-AC79-48DB-B0CB-70EEB3A699B9}.Release|Any CPU.ActiveCfg = Release|Any CPU
		{A9209882-AC79-48DB-B0CB-70EEB3A699B9}.Release|Any CPU.Build.0 = Release|Any CPU
		{F8074D1E-194C-4392-8D9E-C4977592CD87}.Debug|Any CPU.ActiveCfg = Debug|Any CPU
		{F8074D1E-194C-4392-8D9E-C4977592CD87}.Debug|Any CPU.Build.0 = Debug|Any CPU
		{F8074D1E-194C-4392-8D9E-C4977592CD87}.Release|Any CPU.ActiveCfg = Release|Any CPU
		{F8074D1E-194C-4392-8D9E-C4977592CD87}.Release|Any CPU.Build.0 = Release|Any CPU
	EndGlobalSection
	GlobalSection(SolutionProperties) = preSolution
		HideSolutionNode = FALSE
	EndGlobalSection
	GlobalSection(ExtensibilityGlobals) = postSolution
		SolutionGuid = {D3508C09-C6C1-4BB9-B9F6-8D55788A3E8E}
	EndGlobalSection
EndGlobal
